PODS:
  - OneMobileSDK-Xcode9.3 (2.25.2350)

DEPENDENCIES:
  - OneMobileSDK-Xcode9.3

SPEC REPOS:
  https://github.com/vidible/OneMobileSDK-releases.git:
    - OneMobileSDK-Xcode9.3

SPEC CHECKSUMS:
  OneMobileSDK-Xcode9.3: cbd3c3594a4959e69c459a3502c8f2091e6552e8

PODFILE CHECKSUM: c3d9230a40e8487a29409742df6a72d4d58740fa

COCOAPODS: 1.5.2
