PODS:
  - OneMobileSDK-Xcode9.3 (2.27.2446)

DEPENDENCIES:
  - OneMobileSDK-Xcode9.3

SPEC REPOS:
  https://github.com/vidible/OneMobileSDK-releases.git:
    - OneMobileSDK-Xcode9.3

SPEC CHECKSUMS:
  OneMobileSDK-Xcode9.3: 6ab89886e818698426267919c4e87e30ba2f46d2

PODFILE CHECKSUM: 47046a146d8a0758a7f712e3e3c9dc7ab98c8b72

COCOAPODS: 1.5.2
