PODS:
  - OathVideoPartnerSDK (1.0):
    - PlayerControls (= 1.26)
    - PlayerCore (= 1.0.1)
    - VideoRenderer (= 1.24)
  - PlayerControls (1.26)
  - PlayerCore (1.0.1)
  - VideoRenderer (1.24)

DEPENDENCIES:
  - OathVideoPartnerSDK

SPEC REPOS:
  https://github.com/vidible/OneMobileSDK-releases.git:
    - OathVideoPartnerSDK
    - PlayerControls
    - PlayerCore
    - VideoRenderer

SPEC CHECKSUMS:
  OathVideoPartnerSDK: ebf23f8d27f446438bcc403677d49fed91790bfd
  PlayerControls: fc31fd5b9c6390e1811342a5cfb1d714d438847c
  PlayerCore: 191a3eb26414872fbc658420953c751d9ab960e4
  VideoRenderer: a537af56ec8b1666cc0cd7d6d61ca43b88ecb1d0

PODFILE CHECKSUM: 378a74bd88392e1a737e19096657353d8b3a14a0

COCOAPODS: 1.5.3
