PODS:
  - OneMobileSDK-Beta-Swift3 (2.8.1475):
    - VideoRenderer (= 1.2)
  - VideoRenderer (1.2)

DEPENDENCIES:
  - OneMobileSDK-Beta-Swift3

SPEC CHECKSUMS:
  OneMobileSDK-Beta-Swift3: b3a4ba2c035643b20a38f77b7d4db9320e0ed58f
  VideoRenderer: 93e7b080a79fb2618df897abfb06dca6882b3ef9

PODFILE CHECKSUM: f3e08450e809dc109e696d60dc1515d07fe5ae41

COCOAPODS: 1.2.0
