// !$*UTF8*$!
{
	archiveVersion = 1;
	classes = {
	};
	objectVersion = 46;
	objects = {

/* Begin PBXBuildFile section */
		B553F386A51A3F3FECA17746 /* libPods-tvOS Integration.a in Frameworks */ = {isa = PBXBuildFile; fileRef = 991112C3A8ACFF054CD4DAC4 /* libPods-tvOS Integration.a */; };
		FE1C0EA61EE830BA00C95B24 /* AppDelegate.swift in Sources */ = {isa = PBXBuildFile; fileRef = FE1C0EA51EE830BA00C95B24 /* AppDelegate.swift */; };
		FE1C0EA81EE830BA00C95B24 /* ViewController.swift in Sources */ = {isa = PBXBuildFile; fileRef = FE1C0EA71EE830BA00C95B24 /* ViewController.swift */; };
		FE1C0EAB1EE830BA00C95B24 /* Main.storyboard in Resources */ = {isa = PBXBuildFile; fileRef = FE1C0EA91EE830BA00C95B24 /* Main.storyboard */; };
		FE1C0EAD1EE830BA00C95B24 /* Assets.xcassets in Resources */ = {isa = PBXBuildFile; fileRef = FE1C0EAC1EE830BA00C95B24 /* Assets.xcassets */; };
/* End PBXBuildFile section */

/* Begin PBXFileReference section */
		81C0F70D7470173537E25A36 /* Pods-tvOS Integration.debug.xcconfig */ = {isa = PBXFileReference; includeInIndex = 1; lastKnownFileType = text.xcconfig; name = "Pods-tvOS Integration.debug.xcconfig"; path = "Pods/Target Support Files/Pods-tvOS Integration/Pods-tvOS Integration.debug.xcconfig"; sourceTree = "<group>"; };
		991112C3A8ACFF054CD4DAC4 /* libPods-tvOS Integration.a */ = {isa = PBXFileReference; explicitFileType = archive.ar; includeInIndex = 0; path = "libPods-tvOS Integration.a"; sourceTree = BUILT_PRODUCTS_DIR; };
		BCF114C962E8DFA855D4F63B /* Pods-tvOS Integration.release.xcconfig */ = {isa = PBXFileReference; includeInIndex = 1; lastKnownFileType = text.xcconfig; name = "Pods-tvOS Integration.release.xcconfig"; path = "Pods/Target Support Files/Pods-tvOS Integration/Pods-tvOS Integration.release.xcconfig"; sourceTree = "<group>"; };
		FE1C0EA21EE830BA00C95B24 /* tvOS Integration.app */ = {isa = PBXFileReference; explicitFileType = wrapper.application; includeInIndex = 0; path = "tvOS Integration.app"; sourceTree = BUILT_PRODUCTS_DIR; };
		FE1C0EA51EE830BA00C95B24 /* AppDelegate.swift */ = {isa = PBXFileReference; lastKnownFileType = sourcecode.swift; path = AppDelegate.swift; sourceTree = "<group>"; };
		FE1C0EA71EE830BA00C95B24 /* ViewController.swift */ = {isa = PBXFileReference; lastKnownFileType = sourcecode.swift; path = ViewController.swift; sourceTree = "<group>"; };
		FE1C0EAA1EE830BA00C95B24 /* Base */ = {isa = PBXFileReference; lastKnownFileType = file.storyboard; name = Base; path = Base.lproj/Main.storyboard; sourceTree = "<group>"; };
		FE1C0EAC1EE830BA00C95B24 /* Assets.xcassets */ = {isa = PBXFileReference; lastKnownFileType = folder.assetcatalog; path = Assets.xcassets; sourceTree = "<group>"; };
		FE1C0EAE1EE830BA00C95B24 /* Info.plist */ = {isa = PBXFileReference; lastKnownFileType = text.plist.xml; path = Info.plist; sourceTree = "<group>"; };
/* End PBXFileReference section */

/* Begin PBXFrameworksBuildPhase section */
		FE1C0E9F1EE830BA00C95B24 /* Frameworks */ = {
			isa = PBXFrameworksBuildPhase;
			buildActionMask = 2147483647;
			files = (
				B553F386A51A3F3FECA17746 /* libPods-tvOS Integration.a in Frameworks */,
			);
			runOnlyForDeploymentPostprocessing = 0;
		};
/* End PBXFrameworksBuildPhase section */

/* Begin PBXGroup section */
		00373F39AD0987D56BB8793E /* Pods */ = {
			isa = PBXGroup;
			children = (
				81C0F70D7470173537E25A36 /* Pods-tvOS Integration.debug.xcconfig */,
				BCF114C962E8DFA855D4F63B /* Pods-tvOS Integration.release.xcconfig */,
			);
			name = Pods;
			sourceTree = "<group>";
		};
		E760E513B2A487C8AD462301 /* Frameworks */ = {
			isa = PBXGroup;
			children = (
				991112C3A8ACFF054CD4DAC4 /* libPods-tvOS Integration.a */,
			);
			name = Frameworks;
			sourceTree = "<group>";
		};
		FE1C0E991EE830BA00C95B24 = {
			isa = PBXGroup;
			children = (
				FE1C0EA41EE830BA00C95B24 /* tvOS Integration */,
				FE1C0EA31EE830BA00C95B24 /* Products */,
				00373F39AD0987D56BB8793E /* Pods */,
				E760E513B2A487C8AD462301 /* Frameworks */,
			);
			sourceTree = "<group>";
		};
		FE1C0EA31EE830BA00C95B24 /* Products */ = {
			isa = PBXGroup;
			children = (
				FE1C0EA21EE830BA00C95B24 /* tvOS Integration.app */,
			);
			name = Products;
			sourceTree = "<group>";
		};
		FE1C0EA41EE830BA00C95B24 /* tvOS Integration */ = {
			isa = PBXGroup;
			children = (
				FE1C0EA51EE830BA00C95B24 /* AppDelegate.swift */,
				FE1C0EA71EE830BA00C95B24 /* ViewController.swift */,
				FE1C0EA91EE830BA00C95B24 /* Main.storyboard */,
				FE1C0EAC1EE830BA00C95B24 /* Assets.xcassets */,
				FE1C0EAE1EE830BA00C95B24 /* Info.plist */,
			);
			path = "tvOS Integration";
			sourceTree = "<group>";
		};
/* End PBXGroup section */

/* Begin PBXNativeTarget section */
		FE1C0EA11EE830BA00C95B24 /* tvOS Integration */ = {
			isa = PBXNativeTarget;
			buildConfigurationList = FE1C0EB11EE830BA00C95B24 /* Build configuration list for PBXNativeTarget "tvOS Integration" */;
			buildPhases = (
				1689D77C33982557C4BAC22D /* [CP] Check Pods Manifest.lock */,
				FE1C0E9E1EE830BA00C95B24 /* Sources */,
				FE1C0E9F1EE830BA00C95B24 /* Frameworks */,
				FE1C0EA01EE830BA00C95B24 /* Resources */,
				F46704BD76FB1890C6CA406E /* [CP] Embed Pods Frameworks */,
				7F2924242137520444DA11F6 /* [CP] Copy Pods Resources */,
			);
			buildRules = (
			);
			dependencies = (
			);
			name = "tvOS Integration";
			productName = "tvOS Integration";
			productReference = FE1C0EA21EE830BA00C95B24 /* tvOS Integration.app */;
			productType = "com.apple.product-type.application";
		};
/* End PBXNativeTarget section */

/* Begin PBXProject section */
		FE1C0E9A1EE830BA00C95B24 /* Project object */ = {
			isa = PBXProject;
			attributes = {
				LastSwiftUpdateCheck = 0830;
				LastUpgradeCheck = 0830;
				ORGANIZATIONNAME = "Oleksandr Pavliuk";
				TargetAttributes = {
					FE1C0EA11EE830BA00C95B24 = {
						CreatedOnToolsVersion = 8.3.3;
						DevelopmentTeam = 7V23547MMU;
						ProvisioningStyle = Automatic;
					};
				};
			};
			buildConfigurationList = FE1C0E9D1EE830BA00C95B24 /* Build configuration list for PBXProject "tvOS Integration" */;
			compatibilityVersion = "Xcode 3.2";
			developmentRegion = English;
			hasScannedForEncodings = 0;
			knownRegions = (
				en,
				Base,
			);
			mainGroup = FE1C0E991EE830BA00C95B24;
			productRefGroup = FE1C0EA31EE830BA00C95B24 /* Products */;
			projectDirPath = "";
			projectRoot = "";
			targets = (
				FE1C0EA11EE830BA00C95B24 /* tvOS Integration */,
			);
		};
/* End PBXProject section */

/* Begin PBXResourcesBuildPhase section */
		FE1C0EA01EE830BA00C95B24 /* Resources */ = {
			isa = PBXResourcesBuildPhase;
			buildActionMask = 2147483647;
			files = (
				FE1C0EAD1EE830BA00C95B24 /* Assets.xcassets in Resources */,
				FE1C0EAB1EE830BA00C95B24 /* Main.storyboard in Resources */,
			);
			runOnlyForDeploymentPostprocessing = 0;
		};
/* End PBXResourcesBuildPhase section */

/* Begin PBXShellScriptBuildPhase section */
		1689D77C33982557C4BAC22D /* [CP] Check Pods Manifest.lock */ = {
			isa = PBXShellScriptBuildPhase;
			buildActionMask = 2147483647;
			files = (
			);
			inputPaths = (
			);
			name = "[CP] Check Pods Manifest.lock";
			outputPaths = (
			);
			runOnlyForDeploymentPostprocessing = 0;
			shellPath = /bin/sh;
			shellScript = "diff \"${PODS_PODFILE_DIR_PATH}/Podfile.lock\" \"${PODS_ROOT}/Manifest.lock\" > /dev/null\nif [ $? != 0 ] ; then\n    # print error to STDERR\n    echo \"error: The sandbox is not in sync with the Podfile.lock. Run 'pod install' or update your CocoaPods installation.\" >&2\n    exit 1\nfi\n";
			showEnvVarsInLog = 0;
		};
		7F2924242137520444DA11F6 /* [CP] Copy Pods Resources */ = {
			isa = PBXShellScriptBuildPhase;
			buildActionMask = 2147483647;
			files = (
			);
			inputPaths = (
			);
			name = "[CP] Copy Pods Resources";
			outputPaths = (
			);
			runOnlyForDeploymentPostprocessing = 0;
			shellPath = /bin/sh;
			shellScript = "\"${SRCROOT}/Pods/Target Support Files/Pods-tvOS Integration/Pods-tvOS Integration-resources.sh\"\n";
			showEnvVarsInLog = 0;
		};
		F46704BD76FB1890C6CA406E /* [CP] Embed Pods Frameworks */ = {
			isa = PBXShellScriptBuildPhase;
			buildActionMask = 2147483647;
			files = (
			);
			inputPaths = (
			);
			name = "[CP] Embed Pods Frameworks";
			outputPaths = (
			);
			runOnlyForDeploymentPostprocessing = 0;
			shellPath = /bin/sh;
			shellScript = "\"${SRCROOT}/Pods/Target Support Files/Pods-tvOS Integration/Pods-tvOS Integration-frameworks.sh\"\n";
			showEnvVarsInLog = 0;
		};
/* End PBXShellScriptBuildPhase section */

/* Begin PBXSourcesBuildPhase section */
		FE1C0E9E1EE830BA00C95B24 /* Sources */ = {
			isa = PBXSourcesBuildPhase;
			buildActionMask = 2147483647;
			files = (
				FE1C0EA81EE830BA00C95B24 /* ViewController.swift in Sources */,
				FE1C0EA61EE830BA00C95B24 /* AppDelegate.swift in Sources */,
			);
			runOnlyForDeploymentPostprocessing = 0;
		};
/* End PBXSourcesBuildPhase section */

/* Begin PBXVariantGroup section */
		FE1C0EA91EE830BA00C95B24 /* Main.storyboard */ = {
			isa = PBXVariantGroup;
			children = (
				FE1C0EAA1EE830BA00C95B24 /* Base */,
			);
			name = Main.storyboard;
			sourceTree = "<group>";
		};
/* End PBXVariantGroup section */

/* Begin XCBuildConfiguration section */
		FE1C0EAF1EE830BA00C95B24 /* Debug */ = {
			isa = XCBuildConfiguration;
			buildSettings = {
				ALWAYS_SEARCH_USER_PATHS = NO;
				CLANG_ANALYZER_NONNULL = YES;
				CLANG_ANALYZER_NUMBER_OBJECT_CONVERSION = YES_AGGRESSIVE;
				CLANG_CXX_LANGUAGE_STANDARD = "gnu++0x";
				CLANG_CXX_LIBRARY = "libc++";
				CLANG_ENABLE_MODULES = YES;
				CLANG_ENABLE_OBJC_ARC = YES;
				CLANG_WARN_BOOL_CONVERSION = YES;
				CLANG_WARN_CONSTANT_CONVERSION = YES;
				CLANG_WARN_DIRECT_OBJC_ISA_USAGE = YES_ERROR;
				CLANG_WARN_DOCUMENTATION_COMMENTS = YES;
				CLANG_WARN_EMPTY_BODY = YES;
				CLANG_WARN_ENUM_CONVERSION = YES;
				CLANG_WARN_INFINITE_RECURSION = YES;
				CLANG_WARN_INT_CONVERSION = YES;
				CLANG_WARN_OBJC_ROOT_CLASS = YES_ERROR;
				CLANG_WARN_SUSPICIOUS_MOVE = YES;
				CLANG_WARN_UNREACHABLE_CODE = YES;
				CLANG_WARN__DUPLICATE_METHOD_MATCH = YES;
				COPY_PHASE_STRIP = NO;
				DEBUG_INFORMATION_FORMAT = dwarf;
				ENABLE_STRICT_OBJC_MSGSEND = YES;
				ENABLE_TESTABILITY = YES;
				GCC_C_LANGUAGE_STANDARD = gnu99;
				GCC_DYNAMIC_NO_PIC = NO;
				GCC_NO_COMMON_BLOCKS = YES;
				GCC_OPTIMIZATION_LEVEL = 0;
				GCC_PREPROCESSOR_DEFINITIONS = (
					"DEBUG=1",
					"$(inherited)",
				);
				GCC_WARN_64_TO_32_BIT_CONVERSION = YES;
				GCC_WARN_ABOUT_RETURN_TYPE = YES_ERROR;
				GCC_WARN_UNDECLARED_SELECTOR = YES;
				GCC_WARN_UNINITIALIZED_AUTOS = YES_AGGRESSIVE;
				GCC_WARN_UNUSED_FUNCTION = YES;
				GCC_WARN_UNUSED_VARIABLE = YES;
				MTL_ENABLE_DEBUG_INFO = YES;
				ONLY_ACTIVE_ARCH = YES;
				SDKROOT = appletvos;
				SWIFT_ACTIVE_COMPILATION_CONDITIONS = DEBUG;
				SWIFT_OPTIMIZATION_LEVEL = "-Onone";
				TARGETED_DEVICE_FAMILY = 3;
				TVOS_DEPLOYMENT_TARGET = 10.2;
			};
			name = Debug;
		};
		FE1C0EB01EE830BA00C95B24 /* Release */ = {
			isa = XCBuildConfiguration;
			buildSettings = {
				ALWAYS_SEARCH_USER_PATHS = NO;
				CLANG_ANALYZER_NONNULL = YES;
				CLANG_ANALYZER_NUMBER_OBJECT_CONVERSION = YES_AGGRESSIVE;
				CLANG_CXX_LANGUAGE_STANDARD = "gnu++0x";
				CLANG_CXX_LIBRARY = "libc++";
				CLANG_ENABLE_MODULES = YES;
				CLANG_ENABLE_OBJC_ARC = YES;
				CLANG_WARN_BOOL_CONVERSION = YES;
				CLANG_WARN_CONSTANT_CONVERSION = YES;
				CLANG_WARN_DIRECT_OBJC_ISA_USAGE = YES_ERROR;
				CLANG_WARN_DOCUMENTATION_COMMENTS = YES;
				CLANG_WARN_EMPTY_BODY = YES;
				CLANG_WARN_ENUM_CONVERSION = YES;
				CLANG_WARN_INFINITE_RECURSION = YES;
				CLANG_WARN_INT_CONVERSION = YES;
				CLANG_WARN_OBJC_ROOT_CLASS = YES_ERROR;
				CLANG_WARN_SUSPICIOUS_MOVE = YES;
				CLANG_WARN_UNREACHABLE_CODE = YES;
				CLANG_WARN__DUPLICATE_METHOD_MATCH = YES;
				COPY_PHASE_STRIP = NO;
				DEBUG_INFORMATION_FORMAT = "dwarf-with-dsym";
				ENABLE_NS_ASSERTIONS = NO;
				ENABLE_STRICT_OBJC_MSGSEND = YES;
				GCC_C_LANGUAGE_STANDARD = gnu99;
				GCC_NO_COMMON_BLOCKS = YES;
				GCC_WARN_64_TO_32_BIT_CONVERSION = YES;
				GCC_WARN_ABOUT_RETURN_TYPE = YES_ERROR;
				GCC_WARN_UNDECLARED_SELECTOR = YES;
				GCC_WARN_UNINITIALIZED_AUTOS = YES_AGGRESSIVE;
				GCC_WARN_UNUSED_FUNCTION = YES;
				GCC_WARN_UNUSED_VARIABLE = YES;
				MTL_ENABLE_DEBUG_INFO = NO;
				SDKROOT = appletvos;
				SWIFT_OPTIMIZATION_LEVEL = "-Owholemodule";
				TARGETED_DEVICE_FAMILY = 3;
				TVOS_DEPLOYMENT_TARGET = 10.2;
				VALIDATE_PRODUCT = YES;
			};
			name = Release;
		};
		FE1C0EB21EE830BA00C95B24 /* Debug */ = {
			isa = XCBuildConfiguration;
			baseConfigurationReference = 81C0F70D7470173537E25A36 /* Pods-tvOS Integration.debug.xcconfig */;
			buildSettings = {
				ASSETCATALOG_COMPILER_APPICON_NAME = "App Icon & Top Shelf Image";
				ASSETCATALOG_COMPILER_LAUNCHIMAGE_NAME = LaunchImage;
				DEVELOPMENT_TEAM = 7V23547MMU;
				INFOPLIST_FILE = "tvOS Integration/Info.plist";
				LD_RUNPATH_SEARCH_PATHS = "$(inherited) @executable_path/Frameworks";
				PRODUCT_BUNDLE_IDENTIFIER = com.aol.mobile.one.testapp;
				PRODUCT_NAME = "$(TARGET_NAME)";
				SWIFT_VERSION = 3.0;
			};
			name = Debug;
		};
		FE1C0EB31EE830BA00C95B24 /* Release */ = {
			isa = XCBuildConfiguration;
			baseConfigurationReference = BCF114C962E8DFA855D4F63B /* Pods-tvOS Integration.release.xcconfig */;
			buildSettings = {
				ASSETCATALOG_COMPILER_APPICON_NAME = "App Icon & Top Shelf Image";
				ASSETCATALOG_COMPILER_LAUNCHIMAGE_NAME = LaunchImage;
				DEVELOPMENT_TEAM = 7V23547MMU;
				INFOPLIST_FILE = "tvOS Integration/Info.plist";
				LD_RUNPATH_SEARCH_PATHS = "$(inherited) @executable_path/Frameworks";
				PRODUCT_BUNDLE_IDENTIFIER = com.aol.mobile.one.testapp;
				PRODUCT_NAME = "$(TARGET_NAME)";
				SWIFT_VERSION = 3.0;
			};
			name = Release;
		};
/* End XCBuildConfiguration section */

/* Begin XCConfigurationList section */
		FE1C0E9D1EE830BA00C95B24 /* Build configuration list for PBXProject "tvOS Integration" */ = {
			isa = XCConfigurationList;
			buildConfigurations = (
				FE1C0EAF1EE830BA00C95B24 /* Debug */,
				FE1C0EB01EE830BA00C95B24 /* Release */,
			);
			defaultConfigurationIsVisible = 0;
			defaultConfigurationName = Release;
		};
		FE1C0EB11EE830BA00C95B24 /* Build configuration list for PBXNativeTarget "tvOS Integration" */ = {
			isa = XCConfigurationList;
			buildConfigurations = (
				FE1C0EB21EE830BA00C95B24 /* Debug */,
				FE1C0EB31EE830BA00C95B24 /* Release */,
			);
			defaultConfigurationIsVisible = 0;
			defaultConfigurationName = Release;
		};
/* End XCConfigurationList section */
	};
	rootObject = FE1C0E9A1EE830BA00C95B24 /* Project object */;
}
