// !$*UTF8*$!
{
	archiveVersion = 1;
	classes = {
	};
	objectVersion = 46;
	objects = {

/* Begin PBXBuildFile section */
		504EC4CE1F1E0BA500FB565A /* Animators.swift in Sources */ = {isa = PBXBuildFile; fileRef = 504EC4CD1F1E0BA500FB565A /* Animators.swift */; };
		506C59E31F17BE4F00AAA662 /* AppDelegate.swift in Sources */ = {isa = PBXBuildFile; fileRef = 506C59E21F17BE4F00AAA662 /* AppDelegate.swift */; };
		506C59E51F17BE4F00AAA662 /* ViewController.swift in Sources */ = {isa = PBXBuildFile; fileRef = 506C59E41F17BE4F00AAA662 /* ViewController.swift */; };
		506C59E81F17BE4F00AAA662 /* Main.storyboard in Resources */ = {isa = PBXBuildFile; fileRef = 506C59E61F17BE4F00AAA662 /* Main.storyboard */; };
		506C59EA1F17BE4F00AAA662 /* Assets.xcassets in Resources */ = {isa = PBXBuildFile; fileRef = 506C59E91F17BE4F00AAA662 /* Assets.xcassets */; };
		506C59ED1F17BE4F00AAA662 /* LaunchScreen.storyboard in Resources */ = {isa = PBXBuildFile; fileRef = 506C59EB1F17BE4F00AAA662 /* LaunchScreen.storyboard */; };
		D46C7349C1F01674BEF5F6A7 /* libPods-iOS Fullscreen.a in Frameworks */ = {isa = PBXBuildFile; fileRef = CB79AF343CEB01008915EC2A /* libPods-iOS Fullscreen.a */; };
/* End PBXBuildFile section */

/* Begin PBXFileReference section */
		504EC4CD1F1E0BA500FB565A /* Animators.swift */ = {isa = PBXFileReference; fileEncoding = 4; lastKnownFileType = sourcecode.swift; path = Animators.swift; sourceTree = "<group>"; };
		506C59DF1F17BE4F00AAA662 /* iOS Fullscreen.app */ = {isa = PBXFileReference; explicitFileType = wrapper.application; includeInIndex = 0; path = "iOS Fullscreen.app"; sourceTree = BUILT_PRODUCTS_DIR; };
		506C59E21F17BE4F00AAA662 /* AppDelegate.swift */ = {isa = PBXFileReference; lastKnownFileType = sourcecode.swift; path = AppDelegate.swift; sourceTree = "<group>"; };
		506C59E41F17BE4F00AAA662 /* ViewController.swift */ = {isa = PBXFileReference; lastKnownFileType = sourcecode.swift; path = ViewController.swift; sourceTree = "<group>"; };
		506C59E71F17BE4F00AAA662 /* Base */ = {isa = PBXFileReference; lastKnownFileType = file.storyboard; name = Base; path = Base.lproj/Main.storyboard; sourceTree = "<group>"; };
		506C59E91F17BE4F00AAA662 /* Assets.xcassets */ = {isa = PBXFileReference; lastKnownFileType = folder.assetcatalog; path = Assets.xcassets; sourceTree = "<group>"; };
		506C59EC1F17BE4F00AAA662 /* Base */ = {isa = PBXFileReference; lastKnownFileType = file.storyboard; name = Base; path = Base.lproj/LaunchScreen.storyboard; sourceTree = "<group>"; };
		506C59EE1F17BE4F00AAA662 /* Info.plist */ = {isa = PBXFileReference; lastKnownFileType = text.plist.xml; path = Info.plist; sourceTree = "<group>"; };
		51A344D892932A5FBCEF301E /* Pods-iOS Fullscreen.debug.xcconfig */ = {isa = PBXFileReference; includeInIndex = 1; lastKnownFileType = text.xcconfig; name = "Pods-iOS Fullscreen.debug.xcconfig"; path = "Pods/Target Support Files/Pods-iOS Fullscreen/Pods-iOS Fullscreen.debug.xcconfig"; sourceTree = "<group>"; };
		CB05CD3C4327FD291E730F08 /* Pods-iOS Fullscreen.release.xcconfig */ = {isa = PBXFileReference; includeInIndex = 1; lastKnownFileType = text.xcconfig; name = "Pods-iOS Fullscreen.release.xcconfig"; path = "Pods/Target Support Files/Pods-iOS Fullscreen/Pods-iOS Fullscreen.release.xcconfig"; sourceTree = "<group>"; };
		CB79AF343CEB01008915EC2A /* libPods-iOS Fullscreen.a */ = {isa = PBXFileReference; explicitFileType = archive.ar; includeInIndex = 0; path = "libPods-iOS Fullscreen.a"; sourceTree = BUILT_PRODUCTS_DIR; };
/* End PBXFileReference section */

/* Begin PBXFrameworksBuildPhase section */
		506C59DC1F17BE4F00AAA662 /* Frameworks */ = {
			isa = PBXFrameworksBuildPhase;
			buildActionMask = 2147483647;
			files = (
				D46C7349C1F01674BEF5F6A7 /* libPods-iOS Fullscreen.a in Frameworks */,
			);
			runOnlyForDeploymentPostprocessing = 0;
		};
/* End PBXFrameworksBuildPhase section */

/* Begin PBXGroup section */
		1F52843FA4167C01D7E3E369 /* Pods */ = {
			isa = PBXGroup;
			children = (
				51A344D892932A5FBCEF301E /* Pods-iOS Fullscreen.debug.xcconfig */,
				CB05CD3C4327FD291E730F08 /* Pods-iOS Fullscreen.release.xcconfig */,
			);
			name = Pods;
			sourceTree = "<group>";
		};
		3A733AEADC2BBE1CD278CB74 /* Frameworks */ = {
			isa = PBXGroup;
			children = (
				CB79AF343CEB01008915EC2A /* libPods-iOS Fullscreen.a */,
			);
			name = Frameworks;
			sourceTree = "<group>";
		};
		506C59D61F17BE4F00AAA662 = {
			isa = PBXGroup;
			children = (
				506C59E11F17BE4F00AAA662 /* iOS Fullscreen */,
				506C59E01F17BE4F00AAA662 /* Products */,
				1F52843FA4167C01D7E3E369 /* Pods */,
				3A733AEADC2BBE1CD278CB74 /* Frameworks */,
			);
			sourceTree = "<group>";
		};
		506C59E01F17BE4F00AAA662 /* Products */ = {
			isa = PBXGroup;
			children = (
				506C59DF1F17BE4F00AAA662 /* iOS Fullscreen.app */,
			);
			name = Products;
			sourceTree = "<group>";
		};
		506C59E11F17BE4F00AAA662 /* iOS Fullscreen */ = {
			isa = PBXGroup;
			children = (
				506C59E21F17BE4F00AAA662 /* AppDelegate.swift */,
				506C59E41F17BE4F00AAA662 /* ViewController.swift */,
				504EC4CD1F1E0BA500FB565A /* Animators.swift */,
				506C59E61F17BE4F00AAA662 /* Main.storyboard */,
				506C59E91F17BE4F00AAA662 /* Assets.xcassets */,
				506C59EB1F17BE4F00AAA662 /* LaunchScreen.storyboard */,
				506C59EE1F17BE4F00AAA662 /* Info.plist */,
			);
			path = "iOS Fullscreen";
			sourceTree = "<group>";
		};
/* End PBXGroup section */

/* Begin PBXNativeTarget section */
		506C59DE1F17BE4F00AAA662 /* iOS Fullscreen */ = {
			isa = PBXNativeTarget;
			buildConfigurationList = 506C59F11F17BE4F00AAA662 /* Build configuration list for PBXNativeTarget "iOS Fullscreen" */;
			buildPhases = (
				ACFFE923E763B97BB7BD8674 /* [CP] Check Pods Manifest.lock */,
				506C59DB1F17BE4F00AAA662 /* Sources */,
				506C59DC1F17BE4F00AAA662 /* Frameworks */,
				506C59DD1F17BE4F00AAA662 /* Resources */,
				2C1BD1C57E6F79C6CD356647 /* [CP] Embed Pods Frameworks */,
				C3F21155D6082A37000FF5D9 /* [CP] Copy Pods Resources */,
			);
			buildRules = (
			);
			dependencies = (
			);
			name = "iOS Fullscreen";
			productName = "iOS Fullscreen";
			productReference = 506C59DF1F17BE4F00AAA662 /* iOS Fullscreen.app */;
			productType = "com.apple.product-type.application";
		};
/* End PBXNativeTarget section */

/* Begin PBXProject section */
		506C59D71F17BE4F00AAA662 /* Project object */ = {
			isa = PBXProject;
			attributes = {
				LastSwiftUpdateCheck = 0830;
				LastUpgradeCheck = 0830;
				ORGANIZATIONNAME = "One by Aol : Publishers";
				TargetAttributes = {
					506C59DE1F17BE4F00AAA662 = {
						CreatedOnToolsVersion = 8.3.3;
						DevelopmentTeam = 7FCMSU478D;
						ProvisioningStyle = Automatic;
					};
				};
			};
			buildConfigurationList = 506C59DA1F17BE4F00AAA662 /* Build configuration list for PBXProject "iOS Fullscreen" */;
			compatibilityVersion = "Xcode 3.2";
			developmentRegion = English;
			hasScannedForEncodings = 0;
			knownRegions = (
				en,
				Base,
			);
			mainGroup = 506C59D61F17BE4F00AAA662;
			productRefGroup = 506C59E01F17BE4F00AAA662 /* Products */;
			projectDirPath = "";
			projectRoot = "";
			targets = (
				506C59DE1F17BE4F00AAA662 /* iOS Fullscreen */,
			);
		};
/* End PBXProject section */

/* Begin PBXResourcesBuildPhase section */
		506C59DD1F17BE4F00AAA662 /* Resources */ = {
			isa = PBXResourcesBuildPhase;
			buildActionMask = 2147483647;
			files = (
				506C59ED1F17BE4F00AAA662 /* LaunchScreen.storyboard in Resources */,
				506C59EA1F17BE4F00AAA662 /* Assets.xcassets in Resources */,
				506C59E81F17BE4F00AAA662 /* Main.storyboard in Resources */,
			);
			runOnlyForDeploymentPostprocessing = 0;
		};
/* End PBXResourcesBuildPhase section */

/* Begin PBXShellScriptBuildPhase section */
		2C1BD1C57E6F79C6CD356647 /* [CP] Embed Pods Frameworks */ = {
			isa = PBXShellScriptBuildPhase;
			buildActionMask = 2147483647;
			files = (
			);
			inputPaths = (
			);
			name = "[CP] Embed Pods Frameworks";
			outputPaths = (
			);
			runOnlyForDeploymentPostprocessing = 0;
			shellPath = /bin/sh;
			shellScript = "\"${SRCROOT}/Pods/Target Support Files/Pods-iOS Fullscreen/Pods-iOS Fullscreen-frameworks.sh\"\n";
			showEnvVarsInLog = 0;
		};
		ACFFE923E763B97BB7BD8674 /* [CP] Check Pods Manifest.lock */ = {
			isa = PBXShellScriptBuildPhase;
			buildActionMask = 2147483647;
			files = (
			);
			inputPaths = (
			);
			name = "[CP] Check Pods Manifest.lock";
			outputPaths = (
			);
			runOnlyForDeploymentPostprocessing = 0;
			shellPath = /bin/sh;
			shellScript = "diff \"${PODS_ROOT}/../Podfile.lock\" \"${PODS_ROOT}/Manifest.lock\" > /dev/null\nif [ $? != 0 ] ; then\n    # print error to STDERR\n    echo \"error: The sandbox is not in sync with the Podfile.lock. Run 'pod install' or update your CocoaPods installation.\" >&2\n    exit 1\nfi\n";
			showEnvVarsInLog = 0;
		};
		C3F21155D6082A37000FF5D9 /* [CP] Copy Pods Resources */ = {
			isa = PBXShellScriptBuildPhase;
			buildActionMask = 2147483647;
			files = (
			);
			inputPaths = (
			);
			name = "[CP] Copy Pods Resources";
			outputPaths = (
			);
			runOnlyForDeploymentPostprocessing = 0;
			shellPath = /bin/sh;
			shellScript = "\"${SRCROOT}/Pods/Target Support Files/Pods-iOS Fullscreen/Pods-iOS Fullscreen-resources.sh\"\n";
			showEnvVarsInLog = 0;
		};
/* End PBXShellScriptBuildPhase section */

/* Begin PBXSourcesBuildPhase section */
		506C59DB1F17BE4F00AAA662 /* Sources */ = {
			isa = PBXSourcesBuildPhase;
			buildActionMask = 2147483647;
			files = (
				504EC4CE1F1E0BA500FB565A /* Animators.swift in Sources */,
				506C59E51F17BE4F00AAA662 /* ViewController.swift in Sources */,
				506C59E31F17BE4F00AAA662 /* AppDelegate.swift in Sources */,
			);
			runOnlyForDeploymentPostprocessing = 0;
		};
/* End PBXSourcesBuildPhase section */

/* Begin PBXVariantGroup section */
		506C59E61F17BE4F00AAA662 /* Main.storyboard */ = {
			isa = PBXVariantGroup;
			children = (
				506C59E71F17BE4F00AAA662 /* Base */,
			);
			name = Main.storyboard;
			sourceTree = "<group>";
		};
		506C59EB1F17BE4F00AAA662 /* LaunchScreen.storyboard */ = {
			isa = PBXVariantGroup;
			children = (
				506C59EC1F17BE4F00AAA662 /* Base */,
			);
			name = LaunchScreen.storyboard;
			sourceTree = "<group>";
		};
/* End PBXVariantGroup section */

/* Begin XCBuildConfiguration section */
		506C59EF1F17BE4F00AAA662 /* Debug */ = {
			isa = XCBuildConfiguration;
			buildSettings = {
				ALWAYS_SEARCH_USER_PATHS = NO;
				CLANG_ANALYZER_NONNULL = YES;
				CLANG_ANALYZER_NUMBER_OBJECT_CONVERSION = YES_AGGRESSIVE;
				CLANG_CXX_LANGUAGE_STANDARD = "gnu++0x";
				CLANG_CXX_LIBRARY = "libc++";
				CLANG_ENABLE_MODULES = YES;
				CLANG_ENABLE_OBJC_ARC = YES;
				CLANG_WARN_BOOL_CONVERSION = YES;
				CLANG_WARN_CONSTANT_CONVERSION = YES;
				CLANG_WARN_DIRECT_OBJC_ISA_USAGE = YES_ERROR;
				CLANG_WARN_DOCUMENTATION_COMMENTS = YES;
				CLANG_WARN_EMPTY_BODY = YES;
				CLANG_WARN_ENUM_CONVERSION = YES;
				CLANG_WARN_INFINITE_RECURSION = YES;
				CLANG_WARN_INT_CONVERSION = YES;
				CLANG_WARN_OBJC_ROOT_CLASS = YES_ERROR;
				CLANG_WARN_SUSPICIOUS_MOVE = YES;
				CLANG_WARN_UNREACHABLE_CODE = YES;
				CLANG_WARN__DUPLICATE_METHOD_MATCH = YES;
				"CODE_SIGN_IDENTITY[sdk=iphoneos*]" = "iPhone Developer";
				COPY_PHASE_STRIP = NO;
				DEBUG_INFORMATION_FORMAT = dwarf;
				ENABLE_STRICT_OBJC_MSGSEND = YES;
				ENABLE_TESTABILITY = YES;
				GCC_C_LANGUAGE_STANDARD = gnu99;
				GCC_DYNAMIC_NO_PIC = NO;
				GCC_NO_COMMON_BLOCKS = YES;
				GCC_OPTIMIZATION_LEVEL = 0;
				GCC_PREPROCESSOR_DEFINITIONS = (
					"DEBUG=1",
					"$(inherited)",
				);
				GCC_WARN_64_TO_32_BIT_CONVERSION = YES;
				GCC_WARN_ABOUT_RETURN_TYPE = YES_ERROR;
				GCC_WARN_UNDECLARED_SELECTOR = YES;
				GCC_WARN_UNINITIALIZED_AUTOS = YES_AGGRESSIVE;
				GCC_WARN_UNUSED_FUNCTION = YES;
				GCC_WARN_UNUSED_VARIABLE = YES;
				IPHONEOS_DEPLOYMENT_TARGET = 10.3;
				MTL_ENABLE_DEBUG_INFO = YES;
				ONLY_ACTIVE_ARCH = YES;
				SDKROOT = iphoneos;
				SWIFT_ACTIVE_COMPILATION_CONDITIONS = DEBUG;
				SWIFT_OPTIMIZATION_LEVEL = "-Onone";
			};
			name = Debug;
		};
		506C59F01F17BE4F00AAA662 /* Release */ = {
			isa = XCBuildConfiguration;
			buildSettings = {
				ALWAYS_SEARCH_USER_PATHS = NO;
				CLANG_ANALYZER_NONNULL = YES;
				CLANG_ANALYZER_NUMBER_OBJECT_CONVERSION = YES_AGGRESSIVE;
				CLANG_CXX_LANGUAGE_STANDARD = "gnu++0x";
				CLANG_CXX_LIBRARY = "libc++";
				CLANG_ENABLE_MODULES = YES;
				CLANG_ENABLE_OBJC_ARC = YES;
				CLANG_WARN_BOOL_CONVERSION = YES;
				CLANG_WARN_CONSTANT_CONVERSION = YES;
				CLANG_WARN_DIRECT_OBJC_ISA_USAGE = YES_ERROR;
				CLANG_WARN_DOCUMENTATION_COMMENTS = YES;
				CLANG_WARN_EMPTY_BODY = YES;
				CLANG_WARN_ENUM_CONVERSION = YES;
				CLANG_WARN_INFINITE_RECURSION = YES;
				CLANG_WARN_INT_CONVERSION = YES;
				CLANG_WARN_OBJC_ROOT_CLASS = YES_ERROR;
				CLANG_WARN_SUSPICIOUS_MOVE = YES;
				CLANG_WARN_UNREACHABLE_CODE = YES;
				CLANG_WARN__DUPLICATE_METHOD_MATCH = YES;
				"CODE_SIGN_IDENTITY[sdk=iphoneos*]" = "iPhone Developer";
				COPY_PHASE_STRIP = NO;
				DEBUG_INFORMATION_FORMAT = "dwarf-with-dsym";
				ENABLE_NS_ASSERTIONS = NO;
				ENABLE_STRICT_OBJC_MSGSEND = YES;
				GCC_C_LANGUAGE_STANDARD = gnu99;
				GCC_NO_COMMON_BLOCKS = YES;
				GCC_WARN_64_TO_32_BIT_CONVERSION = YES;
				GCC_WARN_ABOUT_RETURN_TYPE = YES_ERROR;
				GCC_WARN_UNDECLARED_SELECTOR = YES;
				GCC_WARN_UNINITIALIZED_AUTOS = YES_AGGRESSIVE;
				GCC_WARN_UNUSED_FUNCTION = YES;
				GCC_WARN_UNUSED_VARIABLE = YES;
				IPHONEOS_DEPLOYMENT_TARGET = 10.3;
				MTL_ENABLE_DEBUG_INFO = NO;
				SDKROOT = iphoneos;
				SWIFT_OPTIMIZATION_LEVEL = "-Owholemodule";
				VALIDATE_PRODUCT = YES;
			};
			name = Release;
		};
		506C59F21F17BE4F00AAA662 /* Debug */ = {
			isa = XCBuildConfiguration;
			baseConfigurationReference = 51A344D892932A5FBCEF301E /* Pods-iOS Fullscreen.debug.xcconfig */;
			buildSettings = {
				ASSETCATALOG_COMPILER_APPICON_NAME = AppIcon;
				DEVELOPMENT_TEAM = 7FCMSU478D;
				INFOPLIST_FILE = "iOS Fullscreen/Info.plist";
				LD_RUNPATH_SEARCH_PATHS = "$(inherited) @executable_path/Frameworks";
				PRODUCT_BUNDLE_IDENTIFIER = com.aol.mobile.one.testapp;
				PRODUCT_NAME = "$(TARGET_NAME)";
				SWIFT_VERSION = 3.0;
			};
			name = Debug;
		};
		506C59F31F17BE4F00AAA662 /* Release */ = {
			isa = XCBuildConfiguration;
			baseConfigurationReference = CB05CD3C4327FD291E730F08 /* Pods-iOS Fullscreen.release.xcconfig */;
			buildSettings = {
				ASSETCATALOG_COMPILER_APPICON_NAME = AppIcon;
				DEVELOPMENT_TEAM = 7FCMSU478D;
				INFOPLIST_FILE = "iOS Fullscreen/Info.plist";
				LD_RUNPATH_SEARCH_PATHS = "$(inherited) @executable_path/Frameworks";
				PRODUCT_BUNDLE_IDENTIFIER = com.aol.mobile.one.testapp;
				PRODUCT_NAME = "$(TARGET_NAME)";
				SWIFT_VERSION = 3.0;
			};
			name = Release;
		};
/* End XCBuildConfiguration section */

/* Begin XCConfigurationList section */
		506C59DA1F17BE4F00AAA662 /* Build configuration list for PBXProject "iOS Fullscreen" */ = {
			isa = XCConfigurationList;
			buildConfigurations = (
				506C59EF1F17BE4F00AAA662 /* Debug */,
				506C59F01F17BE4F00AAA662 /* Release */,
			);
			defaultConfigurationIsVisible = 0;
			defaultConfigurationName = Release;
		};
		506C59F11F17BE4F00AAA662 /* Build configuration list for PBXNativeTarget "iOS Fullscreen" */ = {
			isa = XCConfigurationList;
			buildConfigurations = (
				506C59F21F17BE4F00AAA662 /* Debug */,
				506C59F31F17BE4F00AAA662 /* Release */,
			);
			defaultConfigurationIsVisible = 0;
			defaultConfigurationName = Release;
		};
/* End XCConfigurationList section */
	};
	rootObject = 506C59D71F17BE4F00AAA662 /* Project object */;
}
