PODS:
  - OneMobileSDK-Swift3 (2.11.1689):
    - VideoRenderer (= 1.5)
  - VideoRenderer (1.5)

DEPENDENCIES:
  - OneMobileSDK-Swift3

SPEC CHECKSUMS:
  OneMobileSDK-Swift3: 402b2517c21a18851b817dd3419a554f0fd509b9
  VideoRenderer: 41913421b17de3a3ce977abc2b3f0dec19ed4122

PODFILE CHECKSUM: b53c9bfe164d9b44184b9750b1b3679cb0592dfc

COCOAPODS: 1.3.1
