PODS:
  - OneMobileSDK-Swift3 (2.6.1375):
    - VideoRenderer (= 1.1)
  - VideoRenderer (1.1)

DEPENDENCIES:
  - OneMobileSDK-Swift3

SPEC CHECKSUMS:
  OneMobileSDK-Swift3: 51ccd5837880798ecaacd5081fd71885ff42ce36
  VideoRenderer: 7bbd817e18f8d49be3b531edf362cc0286e262ff

PODFILE CHECKSUM: b53c9bfe164d9b44184b9750b1b3679cb0592dfc

COCOAPODS: 1.2.0
