PODS:
  - EnvrmntRenderer (1.2):
    - EnvrmntSDK
    - VideoRenderer
  - EnvrmntSDK (78.43)
  - OneMobileSDK-Swift3 (2.6.1375):
    - VideoRenderer (= 1.1)
  - VideoRenderer (1.1)

DEPENDENCIES:
  - EnvrmntRenderer
  - OneMobileSDK-Swift3

SPEC CHECKSUMS:
  EnvrmntRenderer: 968dbe8e12c2e83138dc68d8dda61069bff4c3ec
  EnvrmntSDK: ae0c41fe59fedd838ff75869d0cc47fd07bee8b0
  OneMobileSDK-Swift3: 51ccd5837880798ecaacd5081fd71885ff42ce36
  VideoRenderer: 7bbd817e18f8d49be3b531edf362cc0286e262ff

PODFILE CHECKSUM: 2ce2c76dc8816cee509adf3972661845938292ab

COCOAPODS: 1.2.0
